
Microsoft Visual Studio Solution File, Format Version 12.00
# Visual Studio Version 17
VisualStudioVersion = 17.0.31903.59
MinimumVisualStudioVersion = 10.0.40219.1
Project("{9A19103F-16F7-4668-BE54-9A1E7A4F7556}") = "SimpleDotNet.Framework", "src\SimpleDotNet.Framework\SimpleDotNet.Framework.csproj", "{95681022-77F1-4FD1-8DCE-955866C313BF}"
EndProject
Project("{2150E333-8FDC-42A3-9474-1A3956D46DE8}") = "Solution Items", "Solution Items", "{09334ACE-53A8-438B-9200-9A6DEE671029}"
	ProjectSection(SolutionItems) = preProject
		build.ps1 = build.ps1
		common.props = common.props
	EndProjectSection
EndProject
Project("{FAE04EC0-301F-11D3-BF4B-00C04F79EFBC}") = "SimpleDotNet.Framework.AspNetCore.Components", "src\SimpleDotNet.Framework.AspNetCore.Components\SimpleDotNet.Framework.AspNetCore.Components.csproj", "{F301D9E0-8FF5-4BDD-AE7B-433B9C695D32}"
EndProject
Project("{FAE04EC0-301F-11D3-BF4B-00C04F79EFBC}") = "SimpleDotNet.Framework.AspNetCore.Components.Web", "src\SimpleDotNet.Framework.AspNetCore.Components.Web\SimpleDotNet.Framework.AspNetCore.Components.Web.csproj", "{82B043B9-543C-4520-8A16-E1B5A70635E0}"
EndProject
Global
	GlobalSection(SolutionConfigurationPlatforms) = preSolution
		Debug|Any CPU = Debug|Any CPU
		Release|Any CPU = Release|Any CPU
	EndGlobalSection
	GlobalSection(ProjectConfigurationPlatforms) = postSolution
		{95681022-77F1-4FD1-8DCE-955866C313BF}.Debug|Any CPU.ActiveCfg = Debug|Any CPU
		{95681022-77F1-4FD1-8DCE-955866C313BF}.Debug|Any CPU.Build.0 = Debug|Any CPU
		{95681022-77F1-4FD1-8DCE-955866C313BF}.Release|Any CPU.ActiveCfg = Release|Any CPU
		{95681022-77F1-4FD1-8DCE-955866C313BF}.Release|Any CPU.Build.0 = Release|Any CPU
		{F301D9E0-8FF5-4BDD-AE7B-433B9C695D32}.Debug|Any CPU.ActiveCfg = Debug|Any CPU
		{F301D9E0-8FF5-4BDD-AE7B-433B9C695D32}.Debug|Any CPU.Build.0 = Debug|Any CPU
		{F301D9E0-8FF5-4BDD-AE7B-433B9C695D32}.Release|Any CPU.ActiveCfg = Release|Any CPU
		{F301D9E0-8FF5-4BDD-AE7B-433B9C695D32}.Release|Any CPU.Build.0 = Release|Any CPU
		{82B043B9-543C-4520-8A16-E1B5A70635E0}.Debug|Any CPU.ActiveCfg = Debug|Any CPU
		{82B043B9-543C-4520-8A16-E1B5A70635E0}.Debug|Any CPU.Build.0 = Debug|Any CPU
		{82B043B9-543C-4520-8A16-E1B5A70635E0}.Release|Any CPU.ActiveCfg = Release|Any CPU
		{82B043B9-543C-4520-8A16-E1B5A70635E0}.Release|Any CPU.Build.0 = Release|Any CPU
	EndGlobalSection
	GlobalSection(SolutionProperties) = preSolution
		HideSolutionNode = FALSE
	EndGlobalSection
	GlobalSection(ExtensibilityGlobals) = postSolution
		SolutionGuid = {EC34F1A0-888B-48BF-98C6-B674FA790A9F}
	EndGlobalSection
EndGlobal
